// !$*UTF8*$!
{
	archiveVersion = 1;
	classes = {
	};
	objectVersion = 48;
	objects = {

/* Begin PBXBuildFile section */
		631F1E891FBB7544006B25BD /* Constants.swift in Sources */ = {isa = PBXBuildFile; fileRef = 631F1E881FBB7544006B25BD /* Constants.swift */; };
		632A19D41FBAE08B0012CEAF /* AppDelegate.swift in Sources */ = {isa = PBXBuildFile; fileRef = 632A19D31FBAE08B0012CEAF /* AppDelegate.swift */; };
		632A19D61FBAE08B0012CEAF /* StartController.swift in Sources */ = {isa = PBXBuildFile; fileRef = 632A19D51FBAE08B0012CEAF /* StartController.swift */; };
		632A19DB1FBAE08B0012CEAF /* Assets.xcassets in Resources */ = {isa = PBXBuildFile; fileRef = 632A19DA1FBAE08B0012CEAF /* Assets.xcassets */; };
		632A19DE1FBAE08B0012CEAF /* LaunchScreen.storyboard in Resources */ = {isa = PBXBuildFile; fileRef = 632A19DC1FBAE08B0012CEAF /* LaunchScreen.storyboard */; };
		632A19E61FBAE13D0012CEAF /* Anchoring_UIViewExtension.swift in Sources */ = {isa = PBXBuildFile; fileRef = 632A19E51FBAE13D0012CEAF /* Anchoring_UIViewExtension.swift */; };
		632A19E81FBAE4510012CEAF /* PeripheralManagerController.swift in Sources */ = {isa = PBXBuildFile; fileRef = 632A19E71FBAE4510012CEAF /* PeripheralManagerController.swift */; };
		632A19EA1FBAE4740012CEAF /* CentralManagerController.swift in Sources */ = {isa = PBXBuildFile; fileRef = 632A19E91FBAE4740012CEAF /* CentralManagerController.swift */; };
		632A19EC1FBAE5800012CEAF /* Device.swift in Sources */ = {isa = PBXBuildFile; fileRef = 632A19EB1FBAE5800012CEAF /* Device.swift */; };
/* End PBXBuildFile section */

/* Begin PBXFileReference section */
		631F1E881FBB7544006B25BD /* Constants.swift */ = {isa = PBXFileReference; lastKnownFileType = sourcecode.swift; path = Constants.swift; sourceTree = "<group>"; };
		632A19D01FBAE08B0012CEAF /* BluCom2.app */ = {isa = PBXFileReference; explicitFileType = wrapper.application; includeInIndex = 0; path = BluCom2.app; sourceTree = BUILT_PRODUCTS_DIR; };
		632A19D31FBAE08B0012CEAF /* AppDelegate.swift */ = {isa = PBXFileReference; lastKnownFileType = sourcecode.swift; path = AppDelegate.swift; sourceTree = "<group>"; };
		632A19D51FBAE08B0012CEAF /* StartController.swift */ = {isa = PBXFileReference; lastKnownFileType = sourcecode.swift; path = StartController.swift; sourceTree = "<group>"; };
		632A19DA1FBAE08B0012CEAF /* Assets.xcassets */ = {isa = PBXFileReference; lastKnownFileType = folder.assetcatalog; path = Assets.xcassets; sourceTree = "<group>"; };
		632A19DD1FBAE08B0012CEAF /* Base */ = {isa = PBXFileReference; lastKnownFileType = file.storyboard; name = Base; path = Base.lproj/LaunchScreen.storyboard; sourceTree = "<group>"; };
		632A19DF1FBAE08B0012CEAF /* Info.plist */ = {isa = PBXFileReference; lastKnownFileType = text.plist.xml; path = Info.plist; sourceTree = "<group>"; };
		632A19E51FBAE13D0012CEAF /* Anchoring_UIViewExtension.swift */ = {isa = PBXFileReference; fileEncoding = 4; lastKnownFileType = sourcecode.swift; path = Anchoring_UIViewExtension.swift; sourceTree = "<group>"; };
		632A19E71FBAE4510012CEAF /* PeripheralManagerController.swift */ = {isa = PBXFileReference; lastKnownFileType = sourcecode.swift; path = PeripheralManagerController.swift; sourceTree = "<group>"; };
		632A19E91FBAE4740012CEAF /* CentralManagerController.swift */ = {isa = PBXFileReference; lastKnownFileType = sourcecode.swift; path = CentralManagerController.swift; sourceTree = "<group>"; };
		632A19EB1FBAE5800012CEAF /* Device.swift */ = {isa = PBXFileReference; lastKnownFileType = sourcecode.swift; path = Device.swift; sourceTree = "<group>"; };
/* End PBXFileReference section */

/* Begin PBXFrameworksBuildPhase section */
		632A19CD1FBAE08B0012CEAF /* Frameworks */ = {
			isa = PBXFrameworksBuildPhase;
			buildActionMask = 2147483647;
			files = (
			);
			runOnlyForDeploymentPostprocessing = 0;
		};
/* End PBXFrameworksBuildPhase section */

/* Begin PBXGroup section */
		632A19C71FBAE08B0012CEAF = {
			isa = PBXGroup;
			children = (
				632A19D21FBAE08B0012CEAF /* BluCom2 */,
				632A19D11FBAE08B0012CEAF /* Products */,
			);
			sourceTree = "<group>";
		};
		632A19D11FBAE08B0012CEAF /* Products */ = {
			isa = PBXGroup;
			children = (
				632A19D01FBAE08B0012CEAF /* BluCom2.app */,
			);
			name = Products;
			sourceTree = "<group>";
		};
		632A19D21FBAE08B0012CEAF /* BluCom2 */ = {
			isa = PBXGroup;
			children = (
				632A19D31FBAE08B0012CEAF /* AppDelegate.swift */,
				632A19D51FBAE08B0012CEAF /* StartController.swift */,
				632A19E71FBAE4510012CEAF /* PeripheralManagerController.swift */,
				632A19E91FBAE4740012CEAF /* CentralManagerController.swift */,
				632A19EB1FBAE5800012CEAF /* Device.swift */,
				632A19E51FBAE13D0012CEAF /* Anchoring_UIViewExtension.swift */,
				631F1E881FBB7544006B25BD /* Constants.swift */,
				632A19DA1FBAE08B0012CEAF /* Assets.xcassets */,
				632A19DC1FBAE08B0012CEAF /* LaunchScreen.storyboard */,
				632A19DF1FBAE08B0012CEAF /* Info.plist */,
			);
			path = BluCom2;
			sourceTree = "<group>";
		};
/* End PBXGroup section */

/* Begin PBXNativeTarget section */
		632A19CF1FBAE08B0012CEAF /* BluCom2 */ = {
			isa = PBXNativeTarget;
			buildConfigurationList = 632A19E21FBAE08B0012CEAF /* Build configuration list for PBXNativeTarget "BluCom2" */;
			buildPhases = (
				632A19CC1FBAE08B0012CEAF /* Sources */,
				632A19CD1FBAE08B0012CEAF /* Frameworks */,
				632A19CE1FBAE08B0012CEAF /* Resources */,
			);
			buildRules = (
			);
			dependencies = (
			);
			name = BluCom2;
			productName = BluCom2;
			productReference = 632A19D01FBAE08B0012CEAF /* BluCom2.app */;
			productType = "com.apple.product-type.application";
		};
/* End PBXNativeTarget section */

/* Begin PBXProject section */
		632A19C81FBAE08B0012CEAF /* Project object */ = {
			isa = PBXProject;
			attributes = {
				LastSwiftUpdateCheck = 0910;
				LastUpgradeCheck = 0910;
				ORGANIZATIONNAME = David;
				TargetAttributes = {
					632A19CF1FBAE08B0012CEAF = {
						CreatedOnToolsVersion = 9.1;
						ProvisioningStyle = Automatic;
					};
				};
			};
			buildConfigurationList = 632A19CB1FBAE08B0012CEAF /* Build configuration list for PBXProject "BluCom2" */;
			compatibilityVersion = "Xcode 8.0";
			developmentRegion = en;
			hasScannedForEncodings = 0;
			knownRegions = (
				en,
				Base,
			);
			mainGroup = 632A19C71FBAE08B0012CEAF;
			productRefGroup = 632A19D11FBAE08B0012CEAF /* Products */;
			projectDirPath = "";
			projectRoot = "";
			targets = (
				632A19CF1FBAE08B0012CEAF /* BluCom2 */,
			);
		};
/* End PBXProject section */

/* Begin PBXResourcesBuildPhase section */
		632A19CE1FBAE08B0012CEAF /* Resources */ = {
			isa = PBXResourcesBuildPhase;
			buildActionMask = 2147483647;
			files = (
				632A19DE1FBAE08B0012CEAF /* LaunchScreen.storyboard in Resources */,
				632A19DB1FBAE08B0012CEAF /* Assets.xcassets in Resources */,
			);
			runOnlyForDeploymentPostprocessing = 0;
		};
/* End PBXResourcesBuildPhase section */

/* Begin PBXSourcesBuildPhase section */
		632A19CC1FBAE08B0012CEAF /* Sources */ = {
			isa = PBXSourcesBuildPhase;
			buildActionMask = 2147483647;
			files = (
				631F1E891FBB7544006B25BD /* Constants.swift in Sources */,
				632A19D61FBAE08B0012CEAF /* StartController.swift in Sources */,
				632A19EA1FBAE4740012CEAF /* CentralManagerController.swift in Sources */,
				632A19E81FBAE4510012CEAF /* PeripheralManagerController.swift in Sources */,
				632A19EC1FBAE5800012CEAF /* Device.swift in Sources */,
				632A19D41FBAE08B0012CEAF /* AppDelegate.swift in Sources */,
				632A19E61FBAE13D0012CEAF /* Anchoring_UIViewExtension.swift in Sources */,
			);
			runOnlyForDeploymentPostprocessing = 0;
		};
/* End PBXSourcesBuildPhase section */

/* Begin PBXVariantGroup section */
		632A19DC1FBAE08B0012CEAF /* LaunchScreen.storyboard */ = {
			isa = PBXVariantGroup;
			children = (
				632A19DD1FBAE08B0012CEAF /* Base */,
			);
			name = LaunchScreen.storyboard;
			sourceTree = "<group>";
		};
/* End PBXVariantGroup section */

/* Begin XCBuildConfiguration section */
		632A19E01FBAE08B0012CEAF /* Debug */ = {
			isa = XCBuildConfiguration;
			buildSettings = {
				ALWAYS_SEARCH_USER_PATHS = NO;
				CLANG_ANALYZER_NONNULL = YES;
				CLANG_ANALYZER_NUMBER_OBJECT_CONVERSION = YES_AGGRESSIVE;
				CLANG_CXX_LANGUAGE_STANDARD = "gnu++14";
				CLANG_CXX_LIBRARY = "libc++";
				CLANG_ENABLE_MODULES = YES;
				CLANG_ENABLE_OBJC_ARC = YES;
				CLANG_WARN_BLOCK_CAPTURE_AUTORELEASING = YES;
				CLANG_WARN_BOOL_CONVERSION = YES;
				CLANG_WARN_COMMA = YES;
				CLANG_WARN_CONSTANT_CONVERSION = YES;
				CLANG_WARN_DIRECT_OBJC_ISA_USAGE = YES_ERROR;
				CLANG_WARN_DOCUMENTATION_COMMENTS = YES;
				CLANG_WARN_EMPTY_BODY = YES;
				CLANG_WARN_ENUM_CONVERSION = YES;
				CLANG_WARN_INFINITE_RECURSION = YES;
				CLANG_WARN_INT_CONVERSION = YES;
				CLANG_WARN_NON_LITERAL_NULL_CONVERSION = YES;
				CLANG_WARN_OBJC_LITERAL_CONVERSION = YES;
				CLANG_WARN_OBJC_ROOT_CLASS = YES_ERROR;
				CLANG_WARN_RANGE_LOOP_ANALYSIS = YES;
				CLANG_WARN_STRICT_PROTOTYPES = YES;
				CLANG_WARN_SUSPICIOUS_MOVE = YES;
				CLANG_WARN_UNGUARDED_AVAILABILITY = YES_AGGRESSIVE;
				CLANG_WARN_UNREACHABLE_CODE = YES;
				CLANG_WARN__DUPLICATE_METHOD_MATCH = YES;
				CODE_SIGN_IDENTITY = "iPhone Developer";
				COPY_PHASE_STRIP = NO;
				DEBUG_INFORMATION_FORMAT = dwarf;
				ENABLE_STRICT_OBJC_MSGSEND = YES;
				ENABLE_TESTABILITY = YES;
				GCC_C_LANGUAGE_STANDARD = gnu11;
				GCC_DYNAMIC_NO_PIC = NO;
				GCC_NO_COMMON_BLOCKS = YES;
				GCC_OPTIMIZATION_LEVEL = 0;
				GCC_PREPROCESSOR_DEFINITIONS = (
					"DEBUG=1",
					"$(inherited)",
				);
				GCC_WARN_64_TO_32_BIT_CONVERSION = YES;
				GCC_WARN_ABOUT_RETURN_TYPE = YES_ERROR;
				GCC_WARN_UNDECLARED_SELECTOR = YES;
				GCC_WARN_UNINITIALIZED_AUTOS = YES_AGGRESSIVE;
				GCC_WARN_UNUSED_FUNCTION = YES;
				GCC_WARN_UNUSED_VARIABLE = YES;
				IPHONEOS_DEPLOYMENT_TARGET = 11.1;
				MTL_ENABLE_DEBUG_INFO = YES;
				ONLY_ACTIVE_ARCH = YES;
				SDKROOT = iphoneos;
				SWIFT_ACTIVE_COMPILATION_CONDITIONS = DEBUG;
				SWIFT_OPTIMIZATION_LEVEL = "-Onone";
			};
			name = Debug;
		};
		632A19E11FBAE08B0012CEAF /* Release */ = {
			isa = XCBuildConfiguration;
			buildSettings = {
				ALWAYS_SEARCH_USER_PATHS = NO;
				CLANG_ANALYZER_NONNULL = YES;
				CLANG_ANALYZER_NUMBER_OBJECT_CONVERSION = YES_AGGRESSIVE;
				CLANG_CXX_LANGUAGE_STANDARD = "gnu++14";
				CLANG_CXX_LIBRARY = "libc++";
				CLANG_ENABLE_MODULES = YES;
				CLANG_ENABLE_OBJC_ARC = YES;
				CLANG_WARN_BLOCK_CAPTURE_AUTORELEASING = YES;
				CLANG_WARN_BOOL_CONVERSION = YES;
				CLANG_WARN_COMMA = YES;
				CLANG_WARN_CONSTANT_CONVERSION = YES;
				CLANG_WARN_DIRECT_OBJC_ISA_USAGE = YES_ERROR;
				CLANG_WARN_DOCUMENTATION_COMMENTS = YES;
				CLANG_WARN_EMPTY_BODY = YES;
				CLANG_WARN_ENUM_CONVERSION = YES;
				CLANG_WARN_INFINITE_RECURSION = YES;
				CLANG_WARN_INT_CONVERSION = YES;
				CLANG_WARN_NON_LITERAL_NULL_CONVERSION = YES;
				CLANG_WARN_OBJC_LITERAL_CONVERSION = YES;
				CLANG_WARN_OBJC_ROOT_CLASS = YES_ERROR;
				CLANG_WARN_RANGE_LOOP_ANALYSIS = YES;
				CLANG_WARN_STRICT_PROTOTYPES = YES;
				CLANG_WARN_SUSPICIOUS_MOVE = YES;
				CLANG_WARN_UNGUARDED_AVAILABILITY = YES_AGGRESSIVE;
				CLANG_WARN_UNREACHABLE_CODE = YES;
				CLANG_WARN__DUPLICATE_METHOD_MATCH = YES;
				CODE_SIGN_IDENTITY = "iPhone Developer";
				COPY_PHASE_STRIP = NO;
				DEBUG_INFORMATION_FORMAT = "dwarf-with-dsym";
				ENABLE_NS_ASSERTIONS = NO;
				ENABLE_STRICT_OBJC_MSGSEND = YES;
				GCC_C_LANGUAGE_STANDARD = gnu11;
				GCC_NO_COMMON_BLOCKS = YES;
				GCC_WARN_64_TO_32_BIT_CONVERSION = YES;
				GCC_WARN_ABOUT_RETURN_TYPE = YES_ERROR;
				GCC_WARN_UNDECLARED_SELECTOR = YES;
				GCC_WARN_UNINITIALIZED_AUTOS = YES_AGGRESSIVE;
				GCC_WARN_UNUSED_FUNCTION = YES;
				GCC_WARN_UNUSED_VARIABLE = YES;
				IPHONEOS_DEPLOYMENT_TARGET = 11.1;
				MTL_ENABLE_DEBUG_INFO = NO;
				SDKROOT = iphoneos;
				SWIFT_OPTIMIZATION_LEVEL = "-Owholemodule";
				VALIDATE_PRODUCT = YES;
			};
			name = Release;
		};
		632A19E31FBAE08B0012CEAF /* Debug */ = {
			isa = XCBuildConfiguration;
			buildSettings = {
				ASSETCATALOG_COMPILER_APPICON_NAME = AppIcon;
				CODE_SIGN_STYLE = Automatic;
				DEVELOPMENT_TEAM = 467CCL7KXH;
				INFOPLIST_FILE = BluCom2/Info.plist;
				LD_RUNPATH_SEARCH_PATHS = "$(inherited) @executable_path/Frameworks";
				PRODUCT_BUNDLE_IDENTIFIER = com.applinco.BluCom2;
				PRODUCT_NAME = "$(TARGET_NAME)";
				SWIFT_VERSION = 4.0;
				TARGETED_DEVICE_FAMILY = "1,2";
			};
			name = Debug;
		};
		632A19E41FBAE08B0012CEAF /* Release */ = {
			isa = XCBuildConfiguration;
			buildSettings = {
				ASSETCATALOG_COMPILER_APPICON_NAME = AppIcon;
				CODE_SIGN_STYLE = Automatic;
				DEVELOPMENT_TEAM = 467CCL7KXH;
				INFOPLIST_FILE = BluCom2/Info.plist;
				LD_RUNPATH_SEARCH_PATHS = "$(inherited) @executable_path/Frameworks";
				PRODUCT_BUNDLE_IDENTIFIER = com.applinco.BluCom2;
				PRODUCT_NAME = "$(TARGET_NAME)";
				SWIFT_VERSION = 4.0;
				TARGETED_DEVICE_FAMILY = "1,2";
			};
			name = Release;
		};
/* End XCBuildConfiguration section */

/* Begin XCConfigurationList section */
		632A19CB1FBAE08B0012CEAF /* Build configuration list for PBXProject "BluCom2" */ = {
			isa = XCConfigurationList;
			buildConfigurations = (
				632A19E01FBAE08B0012CEAF /* Debug */,
				632A19E11FBAE08B0012CEAF /* Release */,
			);
			defaultConfigurationIsVisible = 0;
			defaultConfigurationName = Release;
		};
		632A19E21FBAE08B0012CEAF /* Build configuration list for PBXNativeTarget "BluCom2" */ = {
			isa = XCConfigurationList;
			buildConfigurations = (
				632A19E31FBAE08B0012CEAF /* Debug */,
				632A19E41FBAE08B0012CEAF /* Release */,
			);
			defaultConfigurationIsVisible = 0;
			defaultConfigurationName = Release;
		};
/* End XCConfigurationList section */
	};
	rootObject = 632A19C81FBAE08B0012CEAF /* Project object */;
}
